lockfileVersion: 5.3

specifiers:
  '@types/node': ^16.10.2
  nanocolors: ^0.2.12
  sywac: ^1.3.0
  typescript: ^4.4.3

dependencies:
  nanocolors: 0.2.12
  sywac: 1.3.0

devDependencies:
  '@types/node': 16.10.2
  typescript: 4.4.3

packages:

  /@types/node/16.10.2:
    resolution: {integrity: sha512-zCclL4/rx+W5SQTzFs9wyvvyCwoK9QtBpratqz2IYJ3O8Umrn0m3nsTv0wQBk9sRGpvUe9CwPDrQFB10f1FIjQ==}
    dev: true

  /nanocolors/0.2.12:
    resolution: {integrity: sha512-SFNdALvzW+rVlzqexid6epYdt8H9Zol7xDoQarioEFcFN0JHo4CYNztAxmtfgGTVRCmFlEOqqhBpoFGKqSAMug==}
    dev: false

  /sywac/1.3.0:
    resolution: {integrity: sha512-LDt2stNTp4bVPMgd70Jj9PWrSa4batl+bv+Ea5NLNGT7ufc4oQPtRfQ73wbddNV6RilaPqnEt6y1Wkm5FVTNEg==}
    engines: {node: '>=4'}
    dev: false

  /typescript/4.4.3:
    resolution: {integrity: sha512-4xfscpisVgqqDfPaJo5vkd+Qd/ItkoagnHpufr+i2QCHBsNYp+G7UAoyFl8aPtx879u38wPV65rZ8qbGZijalA==}
    engines: {node: '>=4.2.0'}
    hasBin: true
    dev: true
